{
    "_readme": [
        "This file locks the dependencies of your project to a known state",
        "Read more about it at https://getcomposer.org/doc/01-basic-usage.md#installing-dependencies",
        "This file is @generated automatically"
    ],
    "content-hash": "e42d2191b0b66fc3a6b90347673e06e3",
    "packages": [
        {
            "name": "bramus/router",
            "version": "1.6.1",
            "source": {
                "type": "git",
                "url": "https://github.com/bramus/router.git",
                "reference": "55657b76da8a0a509250fb55b9dd24e1aa237eba"
            },
            "dist": {
                "type": "zip",
                "url": "https://api.github.com/repos/bramus/router/zipball/55657b76da8a0a509250fb55b9dd24e1aa237eba",
                "reference": "55657b76da8a0a509250fb55b9dd24e1aa237eba",
                "shasum": ""
            },
            "require": {
                "php": ">=5.3.0"
            },
            "require-dev": {
                "friendsofphp/php-cs-fixer": "~2.14",
                "phpunit/php-code-coverage": "~2.0",
                "phpunit/phpunit": "~4.8"
            },
            "type": "library",
            "autoload": {
                "psr-0": {
                    "Bramus": "src/"
                }
            },
            "notification-url": "https://packagist.org/downloads/",
            "license": [
                "MIT"
            ],
            "authors": [
                {
                    "name": "Bram(us) Van Damme",
                    "email": "bramus@bram.us",
                    "homepage": "http://www.bram.us"
                }
            ],
            "description": "A lightweight and simple object oriented PHP Router",
            "homepage": "https://github.com/bramus/router",
            "keywords": [
                "router",
                "routing"
            ],
            "support": {
                "issues": "https://github.com/bramus/router/issues",
                "source": "https://github.com/bramus/router/tree/1.6.1"
            },
            "time": "2021-11-18T19:24:07+00:00"
        },
        {
            "name": "predis/predis",
            "version": "v2.2.2",
            "source": {
                "type": "git",
                "url": "https://github.com/predis/predis.git",
                "reference": "b1d3255ed9ad4d7254f9f9bba386c99f4bb983d1"
            },
            "dist": {
                "type": "zip",
                "url": "https://api.github.com/repos/predis/predis/zipball/b1d3255ed9ad4d7254f9f9bba386c99f4bb983d1",
                "reference": "b1d3255ed9ad4d7254f9f9bba386c99f4bb983d1",
                "shasum": ""
            },
            "require": {
                "php": "^7.2 || ^8.0"
            },
            "require-dev": {
                "friendsofphp/php-cs-fixer": "^3.3",
                "phpstan/phpstan": "^1.9",
                "phpunit/phpunit": "^8.0 || ~9.4.4"
            },
            "suggest": {
                "ext-relay": "Faster connection with in-memory caching (>=0.6.2)"
            },
            "type": "library",
            "autoload": {
                "psr-4": {
                    "Predis\\": "src/"
                }
            },
            "notification-url": "https://packagist.org/downloads/",
            "license": [
                "MIT"
            ],
            "authors": [
                {
                    "name": "Till Krüss",
                    "homepage": "https://till.im",
                    "role": "Maintainer"
                }
            ],
            "description": "A flexible and feature-complete Redis client for PHP.",
            "homepage": "http://github.com/predis/predis",
            "keywords": [
                "nosql",
                "predis",
                "redis"
            ],
            "support": {
                "issues": "https://github.com/predis/predis/issues",
                "source": "https://github.com/predis/predis/tree/v2.2.2"
            },
            "funding": [
                {
                    "url": "https://github.com/sponsors/tillkruss",
                    "type": "github"
                }
            ],
            "time": "2023-09-13T16:42:03+00:00"
        },
        {
            "name": "promphp/prometheus_client_php",
            "version": "v2.10.0",
            "source": {
                "type": "git",
                "url": "https://github.com/PromPHP/prometheus_client_php.git",
                "reference": "a09ea80ec1ec26dd1d4853e9af2a811e898dbfeb"
            },
            "dist": {
                "type": "zip",
                "url": "https://api.github.com/repos/PromPHP/prometheus_client_php/zipball/a09ea80ec1ec26dd1d4853e9af2a811e898dbfeb",
                "reference": "a09ea80ec1ec26dd1d4853e9af2a811e898dbfeb",
                "shasum": ""
            },
            "require": {
                "ext-json": "*",
                "php": "^7.2|^8.0"
            },
            "replace": {
                "endclothing/prometheus_client_php": "*",
                "jimdo/prometheus_client_php": "*",
                "lkaemmerling/prometheus_client_php": "*"
            },
            "require-dev": {
                "guzzlehttp/guzzle": "^6.3|^7.0",
                "phpstan/extension-installer": "^1.0",
                "phpstan/phpstan": "^1.5.4",
                "phpstan/phpstan-phpunit": "^1.1.0",
                "phpstan/phpstan-strict-rules": "^1.1.0",
                "phpunit/phpunit": "^9.4",
                "squizlabs/php_codesniffer": "^3.6",
                "symfony/polyfill-apcu": "^1.6"
            },
            "suggest": {
                "ext-apc": "Required if using APCu.",
                "ext-redis": "Required if using Redis.",
                "promphp/prometheus_push_gateway_php": "An easy client for using Prometheus PushGateway.",
                "symfony/polyfill-apcu": "Required if you use APCu on PHP8.0+"
            },
            "type": "library",
            "extra": {
                "branch-alias": {
                    "dev-master": "1.0-dev"
                }
            },
            "autoload": {
                "psr-4": {
                    "Prometheus\\": "src/Prometheus/"
                }
            },
            "notification-url": "https://packagist.org/downloads/",
            "license": [
                "Apache-2.0"
            ],
            "authors": [
                {
                    "name": "Lukas Kämmerling",
                    "email": "kontakt@lukas-kaemmerling.de"
                }
            ],
            "description": "Prometheus instrumentation library for PHP applications.",
            "support": {
                "issues": "https://github.com/PromPHP/prometheus_client_php/issues",
                "source": "https://github.com/PromPHP/prometheus_client_php/tree/v2.10.0"
            },
            "time": "2024-02-01T13:28:34+00:00"
        }
    ],
    "packages-dev": [],
    "aliases": [],
    "minimum-stability": "stable",
    "stability-flags": [],
    "prefer-stable": false,
    "prefer-lowest": false,
    "platform": [],
    "platform-dev": [],
    "plugin-api-version": "2.6.0"
}
